hash: 722f051ba0920f039ae912317baaa9e9224eca007f6206f8307b1a62558e9e33
updated: 2018-06-17T16:17:11.380074+08:00
imports:
- name: github.com/astaxie/beego
  version: f16688817aa428d10361394015b40d096b680542
- name: github.com/btcsuite/btcd
  version: 86fed781132ac890ee03e906e4ecd5d6fa180c64
  subpackages:
  - btcec
- name: github.com/ethereum/go-ethereum
  version: 574378edb50c907b532946a1d4654dbd6701b20a
  subpackages:
  - common
  - common/hexutil
  - common/math
  - crypto
  - crypto/secp256k1
  - crypto/sha3
  - log
  - rlp
- name: github.com/go-stack/stack
  version: 259ab82a6cad3992b4e21ff5cac294ccb06474bc
- name: github.com/golang/protobuf
  version: 9f81198da99b79e14d70ca2c3cc1bbe44c6e69b6
  subpackages:
  - proto
  - protoc-gen-go
  - ptypes
  - ptypes/any
  - ptypes/duration
  - ptypes/timestamp
- name: github.com/shengdoushi/base58
  version: c2e5dd9cebf91f86ab174cf5fd8bdb66d99c9e22
- name: golang.org/x/net
  version: db08ff08e8622530d9ed3a0e8ac279f6d4c02196
  subpackages:
  - context
  - http/httpguts
  - http2
  - http2/hpack
  - idna
  - internal/timeseries
  - trace
- name: golang.org/x/text/secure/bidirule
  version: 5c1cf69b5978e5a34c5f9ba09a83e56acc4b7877
- name: golang.org/x/text/unicode/bidi
  version: 5c1cf69b5978e5a34c5f9ba09a83e56acc4b7877
- name: golang.org/x/text/unicode/norm
  version: 5c1cf69b5978e5a34c5f9ba09a83e56acc4b7877
- name: google.golang.org/genproto/googleapis/api/annotations
  version: 32ee49c4dd805befd833990acba36cb75042378c
- name: google.golang.org/genproto/googleapis/rpc/status
  version: 32ee49c4dd805befd833990acba36cb75042378c
- name: google.golang.org/grpc
  version: 7e6dc36bea3004a439649320dd630c9919537261
  subpackages:
  - balancer
  - balancer/base
  - balancer/roundrobin
  - channelz
  - codes
  - connectivity
  - credentials
  - encoding
  - encoding/proto
  - grpclog
  - internal
  - internal/backoff
  - internal/grpcrand
  - keepalive
  - metadata
  - naming
  - peer
  - resolver
  - resolver/dns
  - resolver/passthrough
  - stats
  - status
  - tap
  - transport
testImports: []
